
Microsoft Visual Studio Solution File, Format Version 12.00
# Visual Studio Version 17
VisualStudioVersion = 17.3.32929.385
MinimumVisualStudioVersion = 10.0.40219.1
Project("{FAE04EC0-301F-11D3-BF4B-00C04F79EFBC}") = "MishnatYosefApi", "MishnatYosefApi\MishnatYosefApi.csproj", "{85362050-A67B-4CB0-9426-0F0FD0FE2C64}"
EndProject
Global
	GlobalSection(SolutionConfigurationPlatforms) = preSolution
		Debug|Any CPU = Debug|Any CPU
		Release|Any CPU = Release|Any CPU
	EndGlobalSection
	GlobalSection(ProjectConfigurationPlatforms) = postSolution
		{85362050-A67B-4CB0-9426-0F0FD0FE2C64}.Debug|Any CPU.ActiveCfg = Debug|Any CPU
		{85362050-A67B-4CB0-9426-0F0FD0FE2C64}.Debug|Any CPU.Build.0 = Debug|Any CPU
		{85362050-A67B-4CB0-9426-0F0FD0FE2C64}.Release|Any CPU.ActiveCfg = Release|Any CPU
		{85362050-A67B-4CB0-9426-0F0FD0FE2C64}.Release|Any CPU.Build.0 = Release|Any CPU
	EndGlobalSection
	GlobalSection(SolutionProperties) = preSolution
		HideSolutionNode = FALSE
	EndGlobalSection
	GlobalSection(ExtensibilityGlobals) = postSolution
		SolutionGuid = {0DC50C71-0B89-4D2C-AF7C-A12DBF6A74B6}
	EndGlobalSection
EndGlobal
